
Microsoft Visual Studio Solution File, Format Version 12.00
# Visual Studio Version 16
VisualStudioVersion = 16.0.33927.289
MinimumVisualStudioVersion = 10.0.40219.1
Project("{2150E333-8FDC-42A3-9474-1A3956D46DE8}") = "Task0", "Task0", "{EB4E6A28-400B-47D5-88C4-32E2E85A0E0F}"
EndProject
Project("{FAE04EC0-301F-11D3-BF4B-00C04F79EFBC}") = "Tyuiu.VarovaAA.Sprint5.Task0.V11", "Tyuiu.VarovaAA.Sprint5.Task0.V11\Tyuiu.VarovaAA.Sprint5.Task0.V11.csproj", "{E960F240-3214-42E2-B196-07609A13930F}"
EndProject
Project("{FAE04EC0-301F-11D3-BF4B-00C04F79EFBC}") = "Tyuiu.VarovaAA.Sprint5.Task0.V11.Lib", "Tyuiu.VarovaAA.Sprint5.Task0.V11.Lib\Tyuiu.VarovaAA.Sprint5.Task0.V11.Lib.csproj", "{E8AE7F75-BC10-4A78-9B68-EE6E97852F30}"
EndProject
Project("{FAE04EC0-301F-11D3-BF4B-00C04F79EFBC}") = "Tyuiu.VarovaAA.Sprint5.Task0.V11.Test", "Tyuiu.VarovaAA.Sprint5.Task0.V11.Test\Tyuiu.VarovaAA.Sprint5.Task0.V11.Test.csproj", "{9C02D30A-905E-4BA6-B029-5C8932D0A346}"
EndProject
Project("{2150E333-8FDC-42A3-9474-1A3956D46DE8}") = "Task1", "Task1", "{44E3F47B-90FD-4E69-8B5F-24A6778272CD}"
EndProject
Project("{FAE04EC0-301F-11D3-BF4B-00C04F79EFBC}") = "Tyuiu.VarovaAA.Sprint5.Task1.V21", "Tyuiu.VarovaAA.Sprint5.Task1.V21\Tyuiu.VarovaAA.Sprint5.Task1.V21.csproj", "{FEB9314A-3CDA-41B3-B433-FC880D7756A3}"
EndProject
Project("{FAE04EC0-301F-11D3-BF4B-00C04F79EFBC}") = "Tyuiu.VarovaAA.Sprint5.Task1.V21.Lib", "Tyuiu.VarovaAA.Sprint5.Task1.V21.Lib\Tyuiu.VarovaAA.Sprint5.Task1.V21.Lib.csproj", "{EDF4FDDA-26F9-43DC-8864-9DAE416B9196}"
EndProject
Project("{FAE04EC0-301F-11D3-BF4B-00C04F79EFBC}") = "Tyuiu.VarovaAA.Sprint5.Task1.V21.Test", "Tyuiu.VarovaAA.Sprint5.Task1.V21.Test\Tyuiu.VarovaAA.Sprint5.Task1.V21.Test.csproj", "{A355C18A-2835-4BC0-9753-758B8285D47D}"
EndProject
Project("{2150E333-8FDC-42A3-9474-1A3956D46DE8}") = "Task2", "Task2", "{B1D455AF-0196-4231-9E16-0660E13CE747}"
EndProject
Project("{FAE04EC0-301F-11D3-BF4B-00C04F79EFBC}") = "Tyuiu.VarovaAA.Sprint5.Task2.V22", "Tyuiu.VarovaAA.Sprint5.Task2.V22\Tyuiu.VarovaAA.Sprint5.Task2.V22.csproj", "{D64ABC85-8D82-4969-AF16-EE212B96721C}"
EndProject
Project("{FAE04EC0-301F-11D3-BF4B-00C04F79EFBC}") = "Tyuiu.VarovaAA.Sprint5.Task2.V22.Lib", "Tyuiu.VarovaAA.Sprint5.Task2.V22.Lib\Tyuiu.VarovaAA.Sprint5.Task2.V22.Lib.csproj", "{83677262-D871-420B-AC46-CE4187164064}"
EndProject
Project("{FAE04EC0-301F-11D3-BF4B-00C04F79EFBC}") = "Tyuiu.VarovaAA.Sprint5.Task2.V22.Test", "Tyuiu.VarovaAA.Sprint5.Task2.V22.Test\Tyuiu.VarovaAA.Sprint5.Task2.V22.Test.csproj", "{8890EEB0-E258-4480-BDD1-00A62C70B1E2}"
EndProject
Project("{2150E333-8FDC-42A3-9474-1A3956D46DE8}") = "Task3", "Task3", "{2067D948-B72C-44A4-BEA5-D5AA5E4FD81C}"
EndProject
Project("{FAE04EC0-301F-11D3-BF4B-00C04F79EFBC}") = "Tyuiu.VarovaAA.Sprint5.Task3.V12", "Tyuiu.VarovaAA.Sprint5.Task3.V12\Tyuiu.VarovaAA.Sprint5.Task3.V12.csproj", "{5A61B389-95C1-4BFA-9FE9-F724CF44862A}"
EndProject
Project("{FAE04EC0-301F-11D3-BF4B-00C04F79EFBC}") = "Tyuiu.VarovaAA.Sprint5.Task3.V12.Lib", "Tyuiu.VarovaAA.Sprint5.Task3.V12.Lib\Tyuiu.VarovaAA.Sprint5.Task3.V12.Lib.csproj", "{D2F65903-6DEF-41D6-A5A3-2F18D18E0A4A}"
EndProject
Project("{FAE04EC0-301F-11D3-BF4B-00C04F79EFBC}") = "Tyuiu.VarovaAA.Sprint5.Task3.V12.Test", "Tyuiu.VarovaAA.Sprint5.Task3.V12.Test\Tyuiu.VarovaAA.Sprint5.Task3.V12.Test.csproj", "{306A7405-A6FF-41E1-94AD-D658DD261A59}"
EndProject
Project("{2150E333-8FDC-42A3-9474-1A3956D46DE8}") = "Task4", "Task4", "{13104CFE-2147-4CEA-8D56-BC3ABF7B0A46}"
EndProject
Project("{FAE04EC0-301F-11D3-BF4B-00C04F79EFBC}") = "Tyuiu.VarovaAA.Sprint5.Task4.V18", "Tyuiu.VarovaAA.Sprint5.Task4.V18\Tyuiu.VarovaAA.Sprint5.Task4.V18.csproj", "{9C54D17A-5080-48EE-8FE0-C3FD77A7B383}"
EndProject
Project("{FAE04EC0-301F-11D3-BF4B-00C04F79EFBC}") = "Tyuiu.VarovaAA.Sprint5.Task4.V18.Lib", "Tyuiu.VarovaAA.Sprint5.Task4.V18.Lib\Tyuiu.VarovaAA.Sprint5.Task4.V18.Lib.csproj", "{8C07D95C-4ED2-432E-83AF-B47A51D03CF4}"
EndProject
Project("{FAE04EC0-301F-11D3-BF4B-00C04F79EFBC}") = "Tyuiu.VarovaAA.Sprint5.Task4.V18.Test", "Tyuiu.VarovaAA.Sprint5.Task4.V18.Test\Tyuiu.VarovaAA.Sprint5.Task4.V18.Test.csproj", "{938FE883-4150-43FB-AFFC-892624097BF2}"
EndProject
Project("{2150E333-8FDC-42A3-9474-1A3956D46DE8}") = "Task5", "Task5", "{DADCC849-9CE2-4B80-943F-B51CA36D6BD5}"
EndProject
Project("{FAE04EC0-301F-11D3-BF4B-00C04F79EFBC}") = "Tyuiu.VarovaAA.Sprint5.Task5.V2", "Tyuiu.VarovaAA.Sprint5.Task5.V2\Tyuiu.VarovaAA.Sprint5.Task5.V2.csproj", "{A0E78C5C-C233-4DDD-9E5D-81FA5AA1F576}"
EndProject
Project("{FAE04EC0-301F-11D3-BF4B-00C04F79EFBC}") = "Tyuiu.VarovaAA.Sprint5.Task5.V2.Lib", "Tyuiu.VarovaAA.Sprint5.Task5.V2.Lib\Tyuiu.VarovaAA.Sprint5.Task5.V2.Lib.csproj", "{77FC6EE7-3720-4F80-A4A3-58447F68BD56}"
EndProject
Project("{FAE04EC0-301F-11D3-BF4B-00C04F79EFBC}") = "Tyuiu.VarovaAA.Sprint5.Task5.V2.Test", "Tyuiu.VarovaAA.Sprint5.Task5.V2.Test\Tyuiu.VarovaAA.Sprint5.Task5.V2.Test.csproj", "{05E4AA76-14CC-4D60-9DBE-1A7040C0C6DA}"
EndProject
Project("{2150E333-8FDC-42A3-9474-1A3956D46DE8}") = "Task6", "Task6", "{FF15332B-821F-4A87-83CE-F18DC6132FA1}"
EndProject
Project("{FAE04EC0-301F-11D3-BF4B-00C04F79EFBC}") = "Tyuiu.VarovaAA.Sprint5.Task6.V11", "Tyuiu.VarovaAA.Sprint5.Task6.V11\Tyuiu.VarovaAA.Sprint5.Task6.V11.csproj", "{A5EB5C28-8C98-4C7F-A2C6-DF249F708E4B}"
EndProject
Project("{FAE04EC0-301F-11D3-BF4B-00C04F79EFBC}") = "Tyuiu.VarovaAA.Sprint5.Task6.V11.Lib", "Tyuiu.VarovaAA.Sprint5.Task6.V11.Lib\Tyuiu.VarovaAA.Sprint5.Task6.V11.Lib.csproj", "{A57A1D46-9935-4912-A983-0C0F94A42591}"
EndProject
Project("{FAE04EC0-301F-11D3-BF4B-00C04F79EFBC}") = "Tyuiu.VarovaAA.Sprint5.Task6.V11.Test", "Tyuiu.VarovaAA.Sprint5.Task6.V11.Test\Tyuiu.VarovaAA.Sprint5.Task6.V11.Test.csproj", "{FF322B28-2C11-416D-ADCE-0A67AB04CB52}"
EndProject
Project("{2150E333-8FDC-42A3-9474-1A3956D46DE8}") = "Task7", "Task7", "{91A09BDF-FF2E-4775-9251-0BF7C729C9C7}"
EndProject
Project("{FAE04EC0-301F-11D3-BF4B-00C04F79EFBC}") = "Tyuiu.VarovaAA.Sprint5.Task7.V22", "Tyuiu.VarovaAA.Sprint5.Task7.V22\Tyuiu.VarovaAA.Sprint5.Task7.V22.csproj", "{399140A4-E3BC-4301-AA2D-29A71F14E51A}"
EndProject
Project("{FAE04EC0-301F-11D3-BF4B-00C04F79EFBC}") = "Tyuiu.VarovaAA.Sprint5.Task7.V22.Lib", "Tyuiu.VarovaAA.Sprint5.Task7.V22.Lib\Tyuiu.VarovaAA.Sprint5.Task7.V22.Lib.csproj", "{BFF59D5B-BED3-4471-BC33-7187EFA76E46}"
EndProject
Project("{FAE04EC0-301F-11D3-BF4B-00C04F79EFBC}") = "Tyuiu.VarovaAA.Sprint5.Task7.V22.Test", "Tyuiu.VarovaAA.Sprint5.Task7.V22.Test\Tyuiu.VarovaAA.Sprint5.Task7.V22.Test.csproj", "{101F3249-79CC-4F8A-A11E-F9F807C0F799}"
EndProject
Global
	GlobalSection(SolutionConfigurationPlatforms) = preSolution
		Debug|Any CPU = Debug|Any CPU
		Release|Any CPU = Release|Any CPU
	EndGlobalSection
	GlobalSection(ProjectConfigurationPlatforms) = postSolution
		{E960F240-3214-42E2-B196-07609A13930F}.Debug|Any CPU.ActiveCfg = Debug|Any CPU
		{E960F240-3214-42E2-B196-07609A13930F}.Debug|Any CPU.Build.0 = Debug|Any CPU
		{E960F240-3214-42E2-B196-07609A13930F}.Release|Any CPU.ActiveCfg = Release|Any CPU
		{E960F240-3214-42E2-B196-07609A13930F}.Release|Any CPU.Build.0 = Release|Any CPU
		{E8AE7F75-BC10-4A78-9B68-EE6E97852F30}.Debug|Any CPU.ActiveCfg = Debug|Any CPU
		{E8AE7F75-BC10-4A78-9B68-EE6E97852F30}.Debug|Any CPU.Build.0 = Debug|Any CPU
		{E8AE7F75-BC10-4A78-9B68-EE6E97852F30}.Release|Any CPU.ActiveCfg = Release|Any CPU
		{E8AE7F75-BC10-4A78-9B68-EE6E97852F30}.Release|Any CPU.Build.0 = Release|Any CPU
		{9C02D30A-905E-4BA6-B029-5C8932D0A346}.Debug|Any CPU.ActiveCfg = Debug|Any CPU
		{9C02D30A-905E-4BA6-B029-5C8932D0A346}.Debug|Any CPU.Build.0 = Debug|Any CPU
		{9C02D30A-905E-4BA6-B029-5C8932D0A346}.Release|Any CPU.ActiveCfg = Release|Any CPU
		{9C02D30A-905E-4BA6-B029-5C8932D0A346}.Release|Any CPU.Build.0 = Release|Any CPU
		{FEB9314A-3CDA-41B3-B433-FC880D7756A3}.Debug|Any CPU.ActiveCfg = Debug|Any CPU
		{FEB9314A-3CDA-41B3-B433-FC880D7756A3}.Debug|Any CPU.Build.0 = Debug|Any CPU
		{FEB9314A-3CDA-41B3-B433-FC880D7756A3}.Release|Any CPU.ActiveCfg = Release|Any CPU
		{FEB9314A-3CDA-41B3-B433-FC880D7756A3}.Release|Any CPU.Build.0 = Release|Any CPU
		{EDF4FDDA-26F9-43DC-8864-9DAE416B9196}.Debug|Any CPU.ActiveCfg = Debug|Any CPU
		{EDF4FDDA-26F9-43DC-8864-9DAE416B9196}.Debug|Any CPU.Build.0 = Debug|Any CPU
		{EDF4FDDA-26F9-43DC-8864-9DAE416B9196}.Release|Any CPU.ActiveCfg = Release|Any CPU
		{EDF4FDDA-26F9-43DC-8864-9DAE416B9196}.Release|Any CPU.Build.0 = Release|Any CPU
		{A355C18A-2835-4BC0-9753-758B8285D47D}.Debug|Any CPU.ActiveCfg = Debug|Any CPU
		{A355C18A-2835-4BC0-9753-758B8285D47D}.Debug|Any CPU.Build.0 = Debug|Any CPU
		{A355C18A-2835-4BC0-9753-758B8285D47D}.Release|Any CPU.ActiveCfg = Release|Any CPU
		{A355C18A-2835-4BC0-9753-758B8285D47D}.Release|Any CPU.Build.0 = Release|Any CPU
		{D64ABC85-8D82-4969-AF16-EE212B96721C}.Debug|Any CPU.ActiveCfg = Debug|Any CPU
		{D64ABC85-8D82-4969-AF16-EE212B96721C}.Debug|Any CPU.Build.0 = Debug|Any CPU
		{D64ABC85-8D82-4969-AF16-EE212B96721C}.Release|Any CPU.ActiveCfg = Release|Any CPU
		{D64ABC85-8D82-4969-AF16-EE212B96721C}.Release|Any CPU.Build.0 = Release|Any CPU
		{83677262-D871-420B-AC46-CE4187164064}.Debug|Any CPU.ActiveCfg = Debug|Any CPU
		{83677262-D871-420B-AC46-CE4187164064}.Debug|Any CPU.Build.0 = Debug|Any CPU
		{83677262-D871-420B-AC46-CE4187164064}.Release|Any CPU.ActiveCfg = Release|Any CPU
		{83677262-D871-420B-AC46-CE4187164064}.Release|Any CPU.Build.0 = Release|Any CPU
		{8890EEB0-E258-4480-BDD1-00A62C70B1E2}.Debug|Any CPU.ActiveCfg = Debug|Any CPU
		{8890EEB0-E258-4480-BDD1-00A62C70B1E2}.Debug|Any CPU.Build.0 = Debug|Any CPU
		{8890EEB0-E258-4480-BDD1-00A62C70B1E2}.Release|Any CPU.ActiveCfg = Release|Any CPU
		{8890EEB0-E258-4480-BDD1-00A62C70B1E2}.Release|Any CPU.Build.0 = Release|Any CPU
		{5A61B389-95C1-4BFA-9FE9-F724CF44862A}.Debug|Any CPU.ActiveCfg = Debug|Any CPU
		{5A61B389-95C1-4BFA-9FE9-F724CF44862A}.Debug|Any CPU.Build.0 = Debug|Any CPU
		{5A61B389-95C1-4BFA-9FE9-F724CF44862A}.Release|Any CPU.ActiveCfg = Release|Any CPU
		{5A61B389-95C1-4BFA-9FE9-F724CF44862A}.Release|Any CPU.Build.0 = Release|Any CPU
		{D2F65903-6DEF-41D6-A5A3-2F18D18E0A4A}.Debug|Any CPU.ActiveCfg = Debug|Any CPU
		{D2F65903-6DEF-41D6-A5A3-2F18D18E0A4A}.Debug|Any CPU.Build.0 = Debug|Any CPU
		{D2F65903-6DEF-41D6-A5A3-2F18D18E0A4A}.Release|Any CPU.ActiveCfg = Release|Any CPU
		{D2F65903-6DEF-41D6-A5A3-2F18D18E0A4A}.Release|Any CPU.Build.0 = Release|Any CPU
		{306A7405-A6FF-41E1-94AD-D658DD261A59}.Debug|Any CPU.ActiveCfg = Debug|Any CPU
		{306A7405-A6FF-41E1-94AD-D658DD261A59}.Debug|Any CPU.Build.0 = Debug|Any CPU
		{306A7405-A6FF-41E1-94AD-D658DD261A59}.Release|Any CPU.ActiveCfg = Release|Any CPU
		{306A7405-A6FF-41E1-94AD-D658DD261A59}.Release|Any CPU.Build.0 = Release|Any CPU
		{9C54D17A-5080-48EE-8FE0-C3FD77A7B383}.Debug|Any CPU.ActiveCfg = Debug|Any CPU
		{9C54D17A-5080-48EE-8FE0-C3FD77A7B383}.Debug|Any CPU.Build.0 = Debug|Any CPU
		{9C54D17A-5080-48EE-8FE0-C3FD77A7B383}.Release|Any CPU.ActiveCfg = Release|Any CPU
		{9C54D17A-5080-48EE-8FE0-C3FD77A7B383}.Release|Any CPU.Build.0 = Release|Any CPU
		{8C07D95C-4ED2-432E-83AF-B47A51D03CF4}.Debug|Any CPU.ActiveCfg = Debug|Any CPU
		{8C07D95C-4ED2-432E-83AF-B47A51D03CF4}.Debug|Any CPU.Build.0 = Debug|Any CPU
		{8C07D95C-4ED2-432E-83AF-B47A51D03CF4}.Release|Any CPU.ActiveCfg = Release|Any CPU
		{8C07D95C-4ED2-432E-83AF-B47A51D03CF4}.Release|Any CPU.Build.0 = Release|Any CPU
		{938FE883-4150-43FB-AFFC-892624097BF2}.Debug|Any CPU.ActiveCfg = Debug|Any CPU
		{938FE883-4150-43FB-AFFC-892624097BF2}.Debug|Any CPU.Build.0 = Debug|Any CPU
		{938FE883-4150-43FB-AFFC-892624097BF2}.Release|Any CPU.ActiveCfg = Release|Any CPU
		{938FE883-4150-43FB-AFFC-892624097BF2}.Release|Any CPU.Build.0 = Release|Any CPU
		{A0E78C5C-C233-4DDD-9E5D-81FA5AA1F576}.Debug|Any CPU.ActiveCfg = Debug|Any CPU
		{A0E78C5C-C233-4DDD-9E5D-81FA5AA1F576}.Debug|Any CPU.Build.0 = Debug|Any CPU
		{A0E78C5C-C233-4DDD-9E5D-81FA5AA1F576}.Release|Any CPU.ActiveCfg = Release|Any CPU
		{A0E78C5C-C233-4DDD-9E5D-81FA5AA1F576}.Release|Any CPU.Build.0 = Release|Any CPU
		{77FC6EE7-3720-4F80-A4A3-58447F68BD56}.Debug|Any CPU.ActiveCfg = Debug|Any CPU
		{77FC6EE7-3720-4F80-A4A3-58447F68BD56}.Debug|Any CPU.Build.0 = Debug|Any CPU
		{77FC6EE7-3720-4F80-A4A3-58447F68BD56}.Release|Any CPU.ActiveCfg = Release|Any CPU
		{77FC6EE7-3720-4F80-A4A3-58447F68BD56}.Release|Any CPU.Build.0 = Release|Any CPU
		{05E4AA76-14CC-4D60-9DBE-1A7040C0C6DA}.Debug|Any CPU.ActiveCfg = Debug|Any CPU
		{05E4AA76-14CC-4D60-9DBE-1A7040C0C6DA}.Debug|Any CPU.Build.0 = Debug|Any CPU
		{05E4AA76-14CC-4D60-9DBE-1A7040C0C6DA}.Release|Any CPU.ActiveCfg = Release|Any CPU
		{05E4AA76-14CC-4D60-9DBE-1A7040C0C6DA}.Release|Any CPU.Build.0 = Release|Any CPU
		{A5EB5C28-8C98-4C7F-A2C6-DF249F708E4B}.Debug|Any CPU.ActiveCfg = Debug|Any CPU
		{A5EB5C28-8C98-4C7F-A2C6-DF249F708E4B}.Debug|Any CPU.Build.0 = Debug|Any CPU
		{A5EB5C28-8C98-4C7F-A2C6-DF249F708E4B}.Release|Any CPU.ActiveCfg = Release|Any CPU
		{A5EB5C28-8C98-4C7F-A2C6-DF249F708E4B}.Release|Any CPU.Build.0 = Release|Any CPU
		{A57A1D46-9935-4912-A983-0C0F94A42591}.Debug|Any CPU.ActiveCfg = Debug|Any CPU
		{A57A1D46-9935-4912-A983-0C0F94A42591}.Debug|Any CPU.Build.0 = Debug|Any CPU
		{A57A1D46-9935-4912-A983-0C0F94A42591}.Release|Any CPU.ActiveCfg = Release|Any CPU
		{A57A1D46-9935-4912-A983-0C0F94A42591}.Release|Any CPU.Build.0 = Release|Any CPU
		{FF322B28-2C11-416D-ADCE-0A67AB04CB52}.Debug|Any CPU.ActiveCfg = Debug|Any CPU
		{FF322B28-2C11-416D-ADCE-0A67AB04CB52}.Debug|Any CPU.Build.0 = Debug|Any CPU
		{FF322B28-2C11-416D-ADCE-0A67AB04CB52}.Release|Any CPU.ActiveCfg = Release|Any CPU
		{FF322B28-2C11-416D-ADCE-0A67AB04CB52}.Release|Any CPU.Build.0 = Release|Any CPU
		{399140A4-E3BC-4301-AA2D-29A71F14E51A}.Debug|Any CPU.ActiveCfg = Debug|Any CPU
		{399140A4-E3BC-4301-AA2D-29A71F14E51A}.Debug|Any CPU.Build.0 = Debug|Any CPU
		{399140A4-E3BC-4301-AA2D-29A71F14E51A}.Release|Any CPU.ActiveCfg = Release|Any CPU
		{399140A4-E3BC-4301-AA2D-29A71F14E51A}.Release|Any CPU.Build.0 = Release|Any CPU
		{BFF59D5B-BED3-4471-BC33-7187EFA76E46}.Debug|Any CPU.ActiveCfg = Debug|Any CPU
		{BFF59D5B-BED3-4471-BC33-7187EFA76E46}.Debug|Any CPU.Build.0 = Debug|Any CPU
		{BFF59D5B-BED3-4471-BC33-7187EFA76E46}.Release|Any CPU.ActiveCfg = Release|Any CPU
		{BFF59D5B-BED3-4471-BC33-7187EFA76E46}.Release|Any CPU.Build.0 = Release|Any CPU
		{101F3249-79CC-4F8A-A11E-F9F807C0F799}.Debug|Any CPU.ActiveCfg = Debug|Any CPU
		{101F3249-79CC-4F8A-A11E-F9F807C0F799}.Debug|Any CPU.Build.0 = Debug|Any CPU
		{101F3249-79CC-4F8A-A11E-F9F807C0F799}.Release|Any CPU.ActiveCfg = Release|Any CPU
		{101F3249-79CC-4F8A-A11E-F9F807C0F799}.Release|Any CPU.Build.0 = Release|Any CPU
	EndGlobalSection
	GlobalSection(SolutionProperties) = preSolution
		HideSolutionNode = FALSE
	EndGlobalSection
	GlobalSection(NestedProjects) = preSolution
		{E960F240-3214-42E2-B196-07609A13930F} = {EB4E6A28-400B-47D5-88C4-32E2E85A0E0F}
		{E8AE7F75-BC10-4A78-9B68-EE6E97852F30} = {EB4E6A28-400B-47D5-88C4-32E2E85A0E0F}
		{9C02D30A-905E-4BA6-B029-5C8932D0A346} = {EB4E6A28-400B-47D5-88C4-32E2E85A0E0F}
		{FEB9314A-3CDA-41B3-B433-FC880D7756A3} = {44E3F47B-90FD-4E69-8B5F-24A6778272CD}
		{EDF4FDDA-26F9-43DC-8864-9DAE416B9196} = {44E3F47B-90FD-4E69-8B5F-24A6778272CD}
		{A355C18A-2835-4BC0-9753-758B8285D47D} = {44E3F47B-90FD-4E69-8B5F-24A6778272CD}
		{D64ABC85-8D82-4969-AF16-EE212B96721C} = {B1D455AF-0196-4231-9E16-0660E13CE747}
		{83677262-D871-420B-AC46-CE4187164064} = {B1D455AF-0196-4231-9E16-0660E13CE747}
		{8890EEB0-E258-4480-BDD1-00A62C70B1E2} = {B1D455AF-0196-4231-9E16-0660E13CE747}
		{5A61B389-95C1-4BFA-9FE9-F724CF44862A} = {2067D948-B72C-44A4-BEA5-D5AA5E4FD81C}
		{D2F65903-6DEF-41D6-A5A3-2F18D18E0A4A} = {2067D948-B72C-44A4-BEA5-D5AA5E4FD81C}
		{306A7405-A6FF-41E1-94AD-D658DD261A59} = {2067D948-B72C-44A4-BEA5-D5AA5E4FD81C}
		{9C54D17A-5080-48EE-8FE0-C3FD77A7B383} = {13104CFE-2147-4CEA-8D56-BC3ABF7B0A46}
		{8C07D95C-4ED2-432E-83AF-B47A51D03CF4} = {13104CFE-2147-4CEA-8D56-BC3ABF7B0A46}
		{938FE883-4150-43FB-AFFC-892624097BF2} = {13104CFE-2147-4CEA-8D56-BC3ABF7B0A46}
		{A0E78C5C-C233-4DDD-9E5D-81FA5AA1F576} = {DADCC849-9CE2-4B80-943F-B51CA36D6BD5}
		{77FC6EE7-3720-4F80-A4A3-58447F68BD56} = {DADCC849-9CE2-4B80-943F-B51CA36D6BD5}
		{05E4AA76-14CC-4D60-9DBE-1A7040C0C6DA} = {DADCC849-9CE2-4B80-943F-B51CA36D6BD5}
		{A5EB5C28-8C98-4C7F-A2C6-DF249F708E4B} = {FF15332B-821F-4A87-83CE-F18DC6132FA1}
		{A57A1D46-9935-4912-A983-0C0F94A42591} = {FF15332B-821F-4A87-83CE-F18DC6132FA1}
		{FF322B28-2C11-416D-ADCE-0A67AB04CB52} = {FF15332B-821F-4A87-83CE-F18DC6132FA1}
		{399140A4-E3BC-4301-AA2D-29A71F14E51A} = {91A09BDF-FF2E-4775-9251-0BF7C729C9C7}
		{BFF59D5B-BED3-4471-BC33-7187EFA76E46} = {91A09BDF-FF2E-4775-9251-0BF7C729C9C7}
		{101F3249-79CC-4F8A-A11E-F9F807C0F799} = {91A09BDF-FF2E-4775-9251-0BF7C729C9C7}
	EndGlobalSection
	GlobalSection(ExtensibilityGlobals) = postSolution
		SolutionGuid = {DAA5ABC0-6D2C-4F75-ADE7-D2BFB040DE92}
	EndGlobalSection
EndGlobal
